
Microsoft Visual Studio Solution File, Format Version 12.00
# Visual Studio Version 17
VisualStudioVersion = 17.1.32328.378
MinimumVisualStudioVersion = 10.0.40219.1
Project("{9A19103F-16F7-4668-BE54-9A1E7A4F7556}") = "Sc3Hosted.Server", "Sc3Hosted\Server\Sc3Hosted.Server.csproj", "{B707E25E-E273-465B-ABDC-00B7A045A34E}"
EndProject
Project("{9A19103F-16F7-4668-BE54-9A1E7A4F7556}") = "Sc3Hosted.Client", "Sc3Hosted\Client\Sc3Hosted.Client.csproj", "{A723D4A2-C165-40FC-9B19-8B575872C9F0}"
EndProject
Project("{9A19103F-16F7-4668-BE54-9A1E7A4F7556}") = "Sc3Hosted.Shared", "Sc3Hosted\Shared\Sc3Hosted.Shared.csproj", "{67D5F244-2B8F-49CA-96F8-1F45EA205A56}"
EndProject
Project("{2150E333-8FDC-42A3-9474-1A3956D46DE8}") = "Solution Items", "Solution Items", "{B881FD9D-3065-4AF0-B3BE-615F174B2E2D}"
	ProjectSection(SolutionItems) = preProject
		Notes.txt = Notes.txt
	EndProjectSection
EndProject
Project("{9A19103F-16F7-4668-BE54-9A1E7A4F7556}") = "Sc3Hosted.Server.UnitTests", "Sc3Hosted.UnitTests\Sc3Hosted.Server.UnitTests.csproj", "{BB3DDFDA-CADE-4183-A8D5-3FC839189AF8}"
EndProject
Global
	GlobalSection(SolutionConfigurationPlatforms) = preSolution
		Debug|Any CPU = Debug|Any CPU
		Release|Any CPU = Release|Any CPU
	EndGlobalSection
	GlobalSection(ProjectConfigurationPlatforms) = postSolution
		{B707E25E-E273-465B-ABDC-00B7A045A34E}.Debug|Any CPU.ActiveCfg = Debug|Any CPU
		{B707E25E-E273-465B-ABDC-00B7A045A34E}.Debug|Any CPU.Build.0 = Debug|Any CPU
		{B707E25E-E273-465B-ABDC-00B7A045A34E}.Release|Any CPU.ActiveCfg = Release|Any CPU
		{B707E25E-E273-465B-ABDC-00B7A045A34E}.Release|Any CPU.Build.0 = Release|Any CPU
		{A723D4A2-C165-40FC-9B19-8B575872C9F0}.Debug|Any CPU.ActiveCfg = Debug|Any CPU
		{A723D4A2-C165-40FC-9B19-8B575872C9F0}.Debug|Any CPU.Build.0 = Debug|Any CPU
		{A723D4A2-C165-40FC-9B19-8B575872C9F0}.Release|Any CPU.ActiveCfg = Release|Any CPU
		{A723D4A2-C165-40FC-9B19-8B575872C9F0}.Release|Any CPU.Build.0 = Release|Any CPU
		{67D5F244-2B8F-49CA-96F8-1F45EA205A56}.Debug|Any CPU.ActiveCfg = Debug|Any CPU
		{67D5F244-2B8F-49CA-96F8-1F45EA205A56}.Debug|Any CPU.Build.0 = Debug|Any CPU
		{67D5F244-2B8F-49CA-96F8-1F45EA205A56}.Release|Any CPU.ActiveCfg = Release|Any CPU
		{67D5F244-2B8F-49CA-96F8-1F45EA205A56}.Release|Any CPU.Build.0 = Release|Any CPU
		{BB3DDFDA-CADE-4183-A8D5-3FC839189AF8}.Debug|Any CPU.ActiveCfg = Debug|Any CPU
		{BB3DDFDA-CADE-4183-A8D5-3FC839189AF8}.Debug|Any CPU.Build.0 = Debug|Any CPU
		{BB3DDFDA-CADE-4183-A8D5-3FC839189AF8}.Release|Any CPU.ActiveCfg = Release|Any CPU
		{BB3DDFDA-CADE-4183-A8D5-3FC839189AF8}.Release|Any CPU.Build.0 = Release|Any CPU
	EndGlobalSection
	GlobalSection(SolutionProperties) = preSolution
		HideSolutionNode = FALSE
	EndGlobalSection
	GlobalSection(ExtensibilityGlobals) = postSolution
		SolutionGuid = {F15FD74E-7865-4D28-9647-E7D49CC67719}
	EndGlobalSection
EndGlobal
